// !$*UTF8*$!
{
	archiveVersion = 1;
	classes = {
	};
	objectVersion = 52;
	objects = {

/* Begin PBXBuildFile section */
		F819A4C525F5C1A10093A48E /* ContentLogger.swift in Sources */ = {isa = PBXBuildFile; fileRef = F819A4C425F5C1A10093A48E /* ContentLogger.swift */; };
		F819A4C925F605DD0093A48E /* ContentLoggerView.swift in Sources */ = {isa = PBXBuildFile; fileRef = F819A4C825F605DD0093A48E /* ContentLoggerView.swift */; };
		F84A8AC825FA5310002BAC17 /* CommonExtensions.swift in Sources */ = {isa = PBXBuildFile; fileRef = F84A8AC725FA5310002BAC17 /* CommonExtensions.swift */; };
		F88AA3F625F1F2170048F68C /* AppDelegate.swift in Sources */ = {isa = PBXBuildFile; fileRef = F88AA3F525F1F2170048F68C /* AppDelegate.swift */; };
		F88AA3F825F1F2170048F68C /* SceneDelegate.swift in Sources */ = {isa = PBXBuildFile; fileRef = F88AA3F725F1F2170048F68C /* SceneDelegate.swift */; };
		F88AA3FA25F1F2170048F68C /* ContentView.swift in Sources */ = {isa = PBXBuildFile; fileRef = F88AA3F925F1F2170048F68C /* ContentView.swift */; };
		F88AA3FC25F1F2190048F68C /* Assets.xcassets in Resources */ = {isa = PBXBuildFile; fileRef = F88AA3FB25F1F2190048F68C /* Assets.xcassets */; };
		F88AA3FF25F1F2190048F68C /* Preview Assets.xcassets in Resources */ = {isa = PBXBuildFile; fileRef = F88AA3FE25F1F2190048F68C /* Preview Assets.xcassets */; };
		F88AA41025F2296B0048F68C /* SwiftyBluetooth in Frameworks */ = {isa = PBXBuildFile; productRef = F88AA40F25F2296B0048F68C /* SwiftyBluetooth */; };
		F88AA42625F31D300048F68C /* Connection.swift in Sources */ = {isa = PBXBuildFile; fileRef = F88AA42525F31D300048F68C /* Connection.swift */; };
		F88AA42A25F31F120048F68C /* SkymirrorAspects.swift in Sources */ = {isa = PBXBuildFile; fileRef = F88AA42925F31F120048F68C /* SkymirrorAspects.swift */; };
		F893CF2925FBBA2900B90EE6 /* ReadView.swift in Sources */ = {isa = PBXBuildFile; fileRef = F893CF2825FBBA2900B90EE6 /* ReadView.swift */; };
		F893CF2C25FBBA9E00B90EE6 /* BroadcastView.swift in Sources */ = {isa = PBXBuildFile; fileRef = F893CF2B25FBBA9E00B90EE6 /* BroadcastView.swift */; };
		F893CF2F25FBBAF800B90EE6 /* WriteView.swift in Sources */ = {isa = PBXBuildFile; fileRef = F893CF2E25FBBAF800B90EE6 /* WriteView.swift */; };
		F893CF3225FBBB2800B90EE6 /* NotifyView.swift in Sources */ = {isa = PBXBuildFile; fileRef = F893CF3125FBBB2800B90EE6 /* NotifyView.swift */; };
		F893CF3525FBBB7C00B90EE6 /* IndicateView.swift in Sources */ = {isa = PBXBuildFile; fileRef = F893CF3425FBBB7C00B90EE6 /* IndicateView.swift */; };
		F893CF3825FBBBA400B90EE6 /* SignedWriteView.swift in Sources */ = {isa = PBXBuildFile; fileRef = F893CF3725FBBBA400B90EE6 /* SignedWriteView.swift */; };
		F893CF3B25FBBBBF00B90EE6 /* ExtendedView.swift in Sources */ = {isa = PBXBuildFile; fileRef = F893CF3A25FBBBBF00B90EE6 /* ExtendedView.swift */; };
		F89BC97E25F446BE00D61E27 /* BLEDebuggerViews.swift in Sources */ = {isa = PBXBuildFile; fileRef = F89BC97D25F446BE00D61E27 /* BLEDebuggerViews.swift */; };
		F89BC98725F4D40200D61E27 /* BLEDebuggerOperations.swift in Sources */ = {isa = PBXBuildFile; fileRef = F89BC98625F4D40100D61E27 /* BLEDebuggerOperations.swift */; };
/* End PBXBuildFile section */

/* Begin PBXFileReference section */
		F819A4C425F5C1A10093A48E /* ContentLogger.swift */ = {isa = PBXFileReference; lastKnownFileType = sourcecode.swift; path = ContentLogger.swift; sourceTree = "<group>"; };
		F819A4C825F605DD0093A48E /* ContentLoggerView.swift */ = {isa = PBXFileReference; lastKnownFileType = sourcecode.swift; path = ContentLoggerView.swift; sourceTree = "<group>"; };
		F8296E3E25F85FD000AA0FA8 /* Skymirror Controller.entitlements */ = {isa = PBXFileReference; lastKnownFileType = text.plist.entitlements; path = "Skymirror Controller.entitlements"; sourceTree = "<group>"; };
		F84A8AC725FA5310002BAC17 /* CommonExtensions.swift */ = {isa = PBXFileReference; lastKnownFileType = sourcecode.swift; path = CommonExtensions.swift; sourceTree = "<group>"; };
		F88AA3F225F1F2170048F68C /* Skymirror Controller.app */ = {isa = PBXFileReference; explicitFileType = wrapper.application; includeInIndex = 0; path = "Skymirror Controller.app"; sourceTree = BUILT_PRODUCTS_DIR; };
		F88AA3F525F1F2170048F68C /* AppDelegate.swift */ = {isa = PBXFileReference; lastKnownFileType = sourcecode.swift; path = AppDelegate.swift; sourceTree = "<group>"; };
		F88AA3F725F1F2170048F68C /* SceneDelegate.swift */ = {isa = PBXFileReference; lastKnownFileType = sourcecode.swift; path = SceneDelegate.swift; sourceTree = "<group>"; };
		F88AA3F925F1F2170048F68C /* ContentView.swift */ = {isa = PBXFileReference; lastKnownFileType = sourcecode.swift; path = ContentView.swift; sourceTree = "<group>"; };
		F88AA3FB25F1F2190048F68C /* Assets.xcassets */ = {isa = PBXFileReference; lastKnownFileType = folder.assetcatalog; path = Assets.xcassets; sourceTree = "<group>"; };
		F88AA3FE25F1F2190048F68C /* Preview Assets.xcassets */ = {isa = PBXFileReference; lastKnownFileType = folder.assetcatalog; path = "Preview Assets.xcassets"; sourceTree = "<group>"; };
		F88AA40325F1F2190048F68C /* Info.plist */ = {isa = PBXFileReference; lastKnownFileType = text.plist.xml; path = Info.plist; sourceTree = "<group>"; };
		F88AA42525F31D300048F68C /* Connection.swift */ = {isa = PBXFileReference; lastKnownFileType = sourcecode.swift; path = Connection.swift; sourceTree = "<group>"; };
		F88AA42925F31F120048F68C /* SkymirrorAspects.swift */ = {isa = PBXFileReference; lastKnownFileType = sourcecode.swift; path = SkymirrorAspects.swift; sourceTree = "<group>"; };
		F893CF2825FBBA2900B90EE6 /* ReadView.swift */ = {isa = PBXFileReference; lastKnownFileType = sourcecode.swift; path = ReadView.swift; sourceTree = "<group>"; };
		F893CF2B25FBBA9E00B90EE6 /* BroadcastView.swift */ = {isa = PBXFileReference; lastKnownFileType = sourcecode.swift; path = BroadcastView.swift; sourceTree = "<group>"; };
		F893CF2E25FBBAF800B90EE6 /* WriteView.swift */ = {isa = PBXFileReference; lastKnownFileType = sourcecode.swift; path = WriteView.swift; sourceTree = "<group>"; };
		F893CF3125FBBB2800B90EE6 /* NotifyView.swift */ = {isa = PBXFileReference; lastKnownFileType = sourcecode.swift; path = NotifyView.swift; sourceTree = "<group>"; };
		F893CF3425FBBB7C00B90EE6 /* IndicateView.swift */ = {isa = PBXFileReference; lastKnownFileType = sourcecode.swift; path = IndicateView.swift; sourceTree = "<group>"; };
		F893CF3725FBBBA400B90EE6 /* SignedWriteView.swift */ = {isa = PBXFileReference; lastKnownFileType = sourcecode.swift; path = SignedWriteView.swift; sourceTree = "<group>"; };
		F893CF3A25FBBBBF00B90EE6 /* ExtendedView.swift */ = {isa = PBXFileReference; lastKnownFileType = sourcecode.swift; path = ExtendedView.swift; sourceTree = "<group>"; };
		F89BC97D25F446BE00D61E27 /* BLEDebuggerViews.swift */ = {isa = PBXFileReference; lastKnownFileType = sourcecode.swift; path = BLEDebuggerViews.swift; sourceTree = "<group>"; };
		F89BC98625F4D40100D61E27 /* BLEDebuggerOperations.swift */ = {isa = PBXFileReference; lastKnownFileType = sourcecode.swift; path = BLEDebuggerOperations.swift; sourceTree = "<group>"; };
/* End PBXFileReference section */

/* Begin PBXFrameworksBuildPhase section */
		F88AA3EF25F1F2170048F68C /* Frameworks */ = {
			isa = PBXFrameworksBuildPhase;
			buildActionMask = 2147483647;
			files = (
				F88AA41025F2296B0048F68C /* SwiftyBluetooth in Frameworks */,
			);
			runOnlyForDeploymentPostprocessing = 0;
		};
/* End PBXFrameworksBuildPhase section */

/* Begin PBXGroup section */
		F88AA3E925F1F2170048F68C = {
			isa = PBXGroup;
			children = (
				F88AA3F425F1F2170048F68C /* Skymirror Controller */,
				F88AA3F325F1F2170048F68C /* Products */,
			);
			sourceTree = "<group>";
		};
		F88AA3F325F1F2170048F68C /* Products */ = {
			isa = PBXGroup;
			children = (
				F88AA3F225F1F2170048F68C /* Skymirror Controller.app */,
			);
			name = Products;
			sourceTree = "<group>";
		};
		F88AA3F425F1F2170048F68C /* Skymirror Controller */ = {
			isa = PBXGroup;
			children = (
				F893CF2725FBB9DD00B90EE6 /* BLEDebuggerOperations */,
				F8296E3E25F85FD000AA0FA8 /* Skymirror Controller.entitlements */,
				F88AA3F525F1F2170048F68C /* AppDelegate.swift */,
				F88AA3F725F1F2170048F68C /* SceneDelegate.swift */,
				F88AA3F925F1F2170048F68C /* ContentView.swift */,
				F88AA3FB25F1F2190048F68C /* Assets.xcassets */,
				F88AA40325F1F2190048F68C /* Info.plist */,
				F88AA3FD25F1F2190048F68C /* Preview Content */,
				F88AA42525F31D300048F68C /* Connection.swift */,
				F88AA42925F31F120048F68C /* SkymirrorAspects.swift */,
				F89BC97D25F446BE00D61E27 /* BLEDebuggerViews.swift */,
				F89BC98625F4D40100D61E27 /* BLEDebuggerOperations.swift */,
				F819A4C425F5C1A10093A48E /* ContentLogger.swift */,
				F819A4C825F605DD0093A48E /* ContentLoggerView.swift */,
				F84A8AC725FA5310002BAC17 /* CommonExtensions.swift */,
			);
			path = "Skymirror Controller";
			sourceTree = "<group>";
		};
		F88AA3FD25F1F2190048F68C /* Preview Content */ = {
			isa = PBXGroup;
			children = (
				F88AA3FE25F1F2190048F68C /* Preview Assets.xcassets */,
			);
			path = "Preview Content";
			sourceTree = "<group>";
		};
		F893CF2725FBB9DD00B90EE6 /* BLEDebuggerOperations */ = {
			isa = PBXGroup;
			children = (
				F893CF2825FBBA2900B90EE6 /* ReadView.swift */,
				F893CF2B25FBBA9E00B90EE6 /* BroadcastView.swift */,
				F893CF2E25FBBAF800B90EE6 /* WriteView.swift */,
				F893CF3125FBBB2800B90EE6 /* NotifyView.swift */,
				F893CF3425FBBB7C00B90EE6 /* IndicateView.swift */,
				F893CF3725FBBBA400B90EE6 /* SignedWriteView.swift */,
				F893CF3A25FBBBBF00B90EE6 /* ExtendedView.swift */,
			);
			path = BLEDebuggerOperations;
			sourceTree = "<group>";
		};
/* End PBXGroup section */

/* Begin PBXNativeTarget section */
		F88AA3F125F1F2170048F68C /* Skymirror Controller */ = {
			isa = PBXNativeTarget;
			buildConfigurationList = F88AA40625F1F2190048F68C /* Build configuration list for PBXNativeTarget "Skymirror Controller" */;
			buildPhases = (
				F88AA3EE25F1F2170048F68C /* Sources */,
				F88AA3EF25F1F2170048F68C /* Frameworks */,
				F88AA3F025F1F2170048F68C /* Resources */,
			);
			buildRules = (
			);
			dependencies = (
			);
			name = "Skymirror Controller";
			packageProductDependencies = (
				F88AA40F25F2296B0048F68C /* SwiftyBluetooth */,
			);
			productName = "Skymirror Controller";
			productReference = F88AA3F225F1F2170048F68C /* Skymirror Controller.app */;
			productType = "com.apple.product-type.application";
		};
/* End PBXNativeTarget section */

/* Begin PBXProject section */
		F88AA3EA25F1F2170048F68C /* Project object */ = {
			isa = PBXProject;
			attributes = {
				LastSwiftUpdateCheck = 1240;
				LastUpgradeCheck = 1240;
				TargetAttributes = {
					F88AA3F125F1F2170048F68C = {
						CreatedOnToolsVersion = 12.4;
					};
				};
			};
			buildConfigurationList = F88AA3ED25F1F2170048F68C /* Build configuration list for PBXProject "Skymirror Controller" */;
			compatibilityVersion = "Xcode 9.3";
			developmentRegion = en;
			hasScannedForEncodings = 0;
			knownRegions = (
				en,
				Base,
			);
			mainGroup = F88AA3E925F1F2170048F68C;
			packageReferences = (
				F88AA40E25F2296B0048F68C /* XCRemoteSwiftPackageReference "SwiftyBluetooth" */,
			);
			productRefGroup = F88AA3F325F1F2170048F68C /* Products */;
			projectDirPath = "";
			projectRoot = "";
			targets = (
				F88AA3F125F1F2170048F68C /* Skymirror Controller */,
			);
		};
/* End PBXProject section */

/* Begin PBXResourcesBuildPhase section */
		F88AA3F025F1F2170048F68C /* Resources */ = {
			isa = PBXResourcesBuildPhase;
			buildActionMask = 2147483647;
			files = (
				F88AA3FF25F1F2190048F68C /* Preview Assets.xcassets in Resources */,
				F88AA3FC25F1F2190048F68C /* Assets.xcassets in Resources */,
			);
			runOnlyForDeploymentPostprocessing = 0;
		};
/* End PBXResourcesBuildPhase section */

/* Begin PBXSourcesBuildPhase section */
		F88AA3EE25F1F2170048F68C /* Sources */ = {
			isa = PBXSourcesBuildPhase;
			buildActionMask = 2147483647;
			files = (
				F893CF3825FBBBA400B90EE6 /* SignedWriteView.swift in Sources */,
				F893CF2C25FBBA9E00B90EE6 /* BroadcastView.swift in Sources */,
				F84A8AC825FA5310002BAC17 /* CommonExtensions.swift in Sources */,
				F88AA3F625F1F2170048F68C /* AppDelegate.swift in Sources */,
				F893CF3525FBBB7C00B90EE6 /* IndicateView.swift in Sources */,
				F88AA3F825F1F2170048F68C /* SceneDelegate.swift in Sources */,
				F819A4C525F5C1A10093A48E /* ContentLogger.swift in Sources */,
				F88AA3FA25F1F2170048F68C /* ContentView.swift in Sources */,
				F893CF2925FBBA2900B90EE6 /* ReadView.swift in Sources */,
				F89BC97E25F446BE00D61E27 /* BLEDebuggerViews.swift in Sources */,
				F88AA42625F31D300048F68C /* Connection.swift in Sources */,
				F893CF3B25FBBBBF00B90EE6 /* ExtendedView.swift in Sources */,
				F89BC98725F4D40200D61E27 /* BLEDebuggerOperations.swift in Sources */,
				F893CF2F25FBBAF800B90EE6 /* WriteView.swift in Sources */,
				F88AA42A25F31F120048F68C /* SkymirrorAspects.swift in Sources */,
				F819A4C925F605DD0093A48E /* ContentLoggerView.swift in Sources */,
				F893CF3225FBBB2800B90EE6 /* NotifyView.swift in Sources */,
			);
			runOnlyForDeploymentPostprocessing = 0;
		};
/* End PBXSourcesBuildPhase section */

/* Begin XCBuildConfiguration section */
		F88AA40425F1F2190048F68C /* Debug */ = {
			isa = XCBuildConfiguration;
			buildSettings = {
				ALWAYS_SEARCH_USER_PATHS = NO;
				CLANG_ANALYZER_NONNULL = YES;
				CLANG_ANALYZER_NUMBER_OBJECT_CONVERSION = YES_AGGRESSIVE;
				CLANG_CXX_LANGUAGE_STANDARD = "gnu++14";
				CLANG_CXX_LIBRARY = "libc++";
				CLANG_ENABLE_MODULES = YES;
				CLANG_ENABLE_OBJC_ARC = YES;
				CLANG_ENABLE_OBJC_WEAK = YES;
				CLANG_WARN_BLOCK_CAPTURE_AUTORELEASING = YES;
				CLANG_WARN_BOOL_CONVERSION = YES;
				CLANG_WARN_COMMA = YES;
				CLANG_WARN_CONSTANT_CONVERSION = YES;
				CLANG_WARN_DEPRECATED_OBJC_IMPLEMENTATIONS = YES;
				CLANG_WARN_DIRECT_OBJC_ISA_USAGE = YES_ERROR;
				CLANG_WARN_DOCUMENTATION_COMMENTS = YES;
				CLANG_WARN_EMPTY_BODY = YES;
				CLANG_WARN_ENUM_CONVERSION = YES;
				CLANG_WARN_INFINITE_RECURSION = YES;
				CLANG_WARN_INT_CONVERSION = YES;
				CLANG_WARN_NON_LITERAL_NULL_CONVERSION = YES;
				CLANG_WARN_OBJC_IMPLICIT_RETAIN_SELF = YES;
				CLANG_WARN_OBJC_LITERAL_CONVERSION = YES;
				CLANG_WARN_OBJC_ROOT_CLASS = YES_ERROR;
				CLANG_WARN_QUOTED_INCLUDE_IN_FRAMEWORK_HEADER = YES;
				CLANG_WARN_RANGE_LOOP_ANALYSIS = YES;
				CLANG_WARN_STRICT_PROTOTYPES = YES;
				CLANG_WARN_SUSPICIOUS_MOVE = YES;
				CLANG_WARN_UNGUARDED_AVAILABILITY = YES_AGGRESSIVE;
				CLANG_WARN_UNREACHABLE_CODE = YES;
				CLANG_WARN__DUPLICATE_METHOD_MATCH = YES;
				COPY_PHASE_STRIP = NO;
				DEBUG_INFORMATION_FORMAT = dwarf;
				ENABLE_STRICT_OBJC_MSGSEND = YES;
				ENABLE_TESTABILITY = YES;
				GCC_C_LANGUAGE_STANDARD = gnu11;
				GCC_DYNAMIC_NO_PIC = NO;
				GCC_NO_COMMON_BLOCKS = YES;
				GCC_OPTIMIZATION_LEVEL = 0;
				GCC_PREPROCESSOR_DEFINITIONS = (
					"DEBUG=1",
					"$(inherited)",
				);
				GCC_WARN_64_TO_32_BIT_CONVERSION = YES;
				GCC_WARN_ABOUT_RETURN_TYPE = YES_ERROR;
				GCC_WARN_UNDECLARED_SELECTOR = YES;
				GCC_WARN_UNINITIALIZED_AUTOS = YES_AGGRESSIVE;
				GCC_WARN_UNUSED_FUNCTION = YES;
				GCC_WARN_UNUSED_VARIABLE = YES;
				IPHONEOS_DEPLOYMENT_TARGET = 14.1;
				MTL_ENABLE_DEBUG_INFO = INCLUDE_SOURCE;
				MTL_FAST_MATH = YES;
				ONLY_ACTIVE_ARCH = YES;
				SDKROOT = iphoneos;
				SWIFT_ACTIVE_COMPILATION_CONDITIONS = DEBUG;
				SWIFT_OPTIMIZATION_LEVEL = "-Onone";
			};
			name = Debug;
		};
		F88AA40525F1F2190048F68C /* Release */ = {
			isa = XCBuildConfiguration;
			buildSettings = {
				ALWAYS_SEARCH_USER_PATHS = NO;
				CLANG_ANALYZER_NONNULL = YES;
				CLANG_ANALYZER_NUMBER_OBJECT_CONVERSION = YES_AGGRESSIVE;
				CLANG_CXX_LANGUAGE_STANDARD = "gnu++14";
				CLANG_CXX_LIBRARY = "libc++";
				CLANG_ENABLE_MODULES = YES;
				CLANG_ENABLE_OBJC_ARC = YES;
				CLANG_ENABLE_OBJC_WEAK = YES;
				CLANG_WARN_BLOCK_CAPTURE_AUTORELEASING = YES;
				CLANG_WARN_BOOL_CONVERSION = YES;
				CLANG_WARN_COMMA = YES;
				CLANG_WARN_CONSTANT_CONVERSION = YES;
				CLANG_WARN_DEPRECATED_OBJC_IMPLEMENTATIONS = YES;
				CLANG_WARN_DIRECT_OBJC_ISA_USAGE = YES_ERROR;
				CLANG_WARN_DOCUMENTATION_COMMENTS = YES;
				CLANG_WARN_EMPTY_BODY = YES;
				CLANG_WARN_ENUM_CONVERSION = YES;
				CLANG_WARN_INFINITE_RECURSION = YES;
				CLANG_WARN_INT_CONVERSION = YES;
				CLANG_WARN_NON_LITERAL_NULL_CONVERSION = YES;
				CLANG_WARN_OBJC_IMPLICIT_RETAIN_SELF = YES;
				CLANG_WARN_OBJC_LITERAL_CONVERSION = YES;
				CLANG_WARN_OBJC_ROOT_CLASS = YES_ERROR;
				CLANG_WARN_QUOTED_INCLUDE_IN_FRAMEWORK_HEADER = YES;
				CLANG_WARN_RANGE_LOOP_ANALYSIS = YES;
				CLANG_WARN_STRICT_PROTOTYPES = YES;
				CLANG_WARN_SUSPICIOUS_MOVE = YES;
				CLANG_WARN_UNGUARDED_AVAILABILITY = YES_AGGRESSIVE;
				CLANG_WARN_UNREACHABLE_CODE = YES;
				CLANG_WARN__DUPLICATE_METHOD_MATCH = YES;
				COPY_PHASE_STRIP = NO;
				DEBUG_INFORMATION_FORMAT = "dwarf-with-dsym";
				ENABLE_NS_ASSERTIONS = NO;
				ENABLE_STRICT_OBJC_MSGSEND = YES;
				GCC_C_LANGUAGE_STANDARD = gnu11;
				GCC_NO_COMMON_BLOCKS = YES;
				GCC_WARN_64_TO_32_BIT_CONVERSION = YES;
				GCC_WARN_ABOUT_RETURN_TYPE = YES_ERROR;
				GCC_WARN_UNDECLARED_SELECTOR = YES;
				GCC_WARN_UNINITIALIZED_AUTOS = YES_AGGRESSIVE;
				GCC_WARN_UNUSED_FUNCTION = YES;
				GCC_WARN_UNUSED_VARIABLE = YES;
				IPHONEOS_DEPLOYMENT_TARGET = 14.1;
				MTL_ENABLE_DEBUG_INFO = NO;
				MTL_FAST_MATH = YES;
				SDKROOT = iphoneos;
				SWIFT_COMPILATION_MODE = wholemodule;
				SWIFT_OPTIMIZATION_LEVEL = "-O";
				VALIDATE_PRODUCT = YES;
			};
			name = Release;
		};
		F88AA40725F1F2190048F68C /* Debug */ = {
			isa = XCBuildConfiguration;
			buildSettings = {
				ASSETCATALOG_COMPILER_APPICON_NAME = AppIcon;
				ASSETCATALOG_COMPILER_GLOBAL_ACCENT_COLOR_NAME = AccentColor;
				CODE_SIGN_ENTITLEMENTS = "Skymirror Controller/Skymirror Controller.entitlements";
				CODE_SIGN_STYLE = Automatic;
				DEVELOPMENT_ASSET_PATHS = "\"Skymirror Controller/Preview Content\"";
				DEVELOPMENT_TEAM = BBESPWLU2A;
				ENABLE_PREVIEWS = YES;
				INFOPLIST_FILE = "Skymirror Controller/Info.plist";
				IPHONEOS_DEPLOYMENT_TARGET = 14.1;
				LD_RUNPATH_SEARCH_PATHS = (
					"$(inherited)",
					"@executable_path/Frameworks",
				);
				PRODUCT_BUNDLE_IDENTIFIER = "org.plastic0.Skymirror-Controller";
				PRODUCT_NAME = "$(TARGET_NAME)";
				SUPPORTS_MACCATALYST = YES;
				SWIFT_VERSION = 5.0;
				TARGETED_DEVICE_FAMILY = "1,2";
			};
			name = Debug;
		};
		F88AA40825F1F2190048F68C /* Release */ = {
			isa = XCBuildConfiguration;
			buildSettings = {
				ASSETCATALOG_COMPILER_APPICON_NAME = AppIcon;
				ASSETCATALOG_COMPILER_GLOBAL_ACCENT_COLOR_NAME = AccentColor;
				CODE_SIGN_ENTITLEMENTS = "Skymirror Controller/Skymirror Controller.entitlements";
				CODE_SIGN_STYLE = Automatic;
				DEVELOPMENT_ASSET_PATHS = "\"Skymirror Controller/Preview Content\"";
				DEVELOPMENT_TEAM = BBESPWLU2A;
				ENABLE_PREVIEWS = YES;
				INFOPLIST_FILE = "Skymirror Controller/Info.plist";
				IPHONEOS_DEPLOYMENT_TARGET = 14.1;
				LD_RUNPATH_SEARCH_PATHS = (
					"$(inherited)",
					"@executable_path/Frameworks",
				);
				PRODUCT_BUNDLE_IDENTIFIER = "org.plastic0.Skymirror-Controller";
				PRODUCT_NAME = "$(TARGET_NAME)";
				SUPPORTS_MACCATALYST = YES;
				SWIFT_VERSION = 5.0;
				TARGETED_DEVICE_FAMILY = "1,2";
			};
			name = Release;
		};
/* End XCBuildConfiguration section */

/* Begin XCConfigurationList section */
		F88AA3ED25F1F2170048F68C /* Build configuration list for PBXProject "Skymirror Controller" */ = {
			isa = XCConfigurationList;
			buildConfigurations = (
				F88AA40425F1F2190048F68C /* Debug */,
				F88AA40525F1F2190048F68C /* Release */,
			);
			defaultConfigurationIsVisible = 0;
			defaultConfigurationName = Release;
		};
		F88AA40625F1F2190048F68C /* Build configuration list for PBXNativeTarget "Skymirror Controller" */ = {
			isa = XCConfigurationList;
			buildConfigurations = (
				F88AA40725F1F2190048F68C /* Debug */,
				F88AA40825F1F2190048F68C /* Release */,
			);
			defaultConfigurationIsVisible = 0;
			defaultConfigurationName = Release;
		};
/* End XCConfigurationList section */

/* Begin XCRemoteSwiftPackageReference section */
		F88AA40E25F2296B0048F68C /* XCRemoteSwiftPackageReference "SwiftyBluetooth" */ = {
			isa = XCRemoteSwiftPackageReference;
			repositoryURL = "https://github.com/jordanebelanger/SwiftyBluetooth.git";
			requirement = {
				kind = upToNextMajorVersion;
				minimumVersion = 3.0.0;
			};
		};
/* End XCRemoteSwiftPackageReference section */

/* Begin XCSwiftPackageProductDependency section */
		F88AA40F25F2296B0048F68C /* SwiftyBluetooth */ = {
			isa = XCSwiftPackageProductDependency;
			package = F88AA40E25F2296B0048F68C /* XCRemoteSwiftPackageReference "SwiftyBluetooth" */;
			productName = SwiftyBluetooth;
		};
/* End XCSwiftPackageProductDependency section */
	};
	rootObject = F88AA3EA25F1F2170048F68C /* Project object */;
}
