{
  "object": {
    "pins": [
      {
        "package": "SwiftyBluetooth",
        "repositoryURL": "https://github.com/jordanebelanger/SwiftyBluetooth.git",
        "state": {
          "branch": null,
          "revision": "e206fbee188d2d9e17d4441a2988f6bce7c2eefa",
          "version": "3.0.0"
        }
      }
    ]
  },
  "version": 1
}
